
Microsoft Visual Studio Solution File, Format Version 12.00
# Visual Studio Version 17
VisualStudioVersion = 17.0.32014.148
MinimumVisualStudioVersion = 10.0.40219.1
Project("{FAE04EC0-301F-11D3-BF4B-00C04F79EFBC}") = "Find_Maximum_Number", "Find_Maximum_Number.csproj", "{27897FB7-4EFA-4190-A85D-D332381F1142}"
EndProject
Global
	GlobalSection(SolutionConfigurationPlatforms) = preSolution
		Debug|Any CPU = Debug|Any CPU
		Release|Any CPU = Release|Any CPU
	EndGlobalSection
	GlobalSection(ProjectConfigurationPlatforms) = postSolution
		{27897FB7-4EFA-4190-A85D-D332381F1142}.Debug|Any CPU.ActiveCfg = Debug|Any CPU
		{27897FB7-4EFA-4190-A85D-D332381F1142}.Debug|Any CPU.Build.0 = Debug|Any CPU
		{27897FB7-4EFA-4190-A85D-D332381F1142}.Release|Any CPU.ActiveCfg = Release|Any CPU
		{27897FB7-4EFA-4190-A85D-D332381F1142}.Release|Any CPU.Build.0 = Release|Any CPU
	EndGlobalSection
	GlobalSection(SolutionProperties) = preSolution
		HideSolutionNode = FALSE
	EndGlobalSection
	GlobalSection(ExtensibilityGlobals) = postSolution
		SolutionGuid = {568E290A-38BD-4AB7-A7F8-1D6E2ACDFDBB}
	EndGlobalSection
EndGlobal
