
Microsoft Visual Studio Solution File, Format Version 12.00
# Visual Studio Version 17
VisualStudioVersion = 17.0.32014.148
MinimumVisualStudioVersion = 10.0.40219.1
Project("{FAE04EC0-301F-11D3-BF4B-00C04F79EFBC}") = "Algorithm_Problems", "Algorithm_Problems.csproj", "{6374DAEE-E539-42CA-8576-FC4CD95A092B}"
EndProject
Global
	GlobalSection(SolutionConfigurationPlatforms) = preSolution
		Debug|Any CPU = Debug|Any CPU
		Release|Any CPU = Release|Any CPU
	EndGlobalSection
	GlobalSection(ProjectConfigurationPlatforms) = postSolution
		{6374DAEE-E539-42CA-8576-FC4CD95A092B}.Debug|Any CPU.ActiveCfg = Debug|Any CPU
		{6374DAEE-E539-42CA-8576-FC4CD95A092B}.Debug|Any CPU.Build.0 = Debug|Any CPU
		{6374DAEE-E539-42CA-8576-FC4CD95A092B}.Release|Any CPU.ActiveCfg = Release|Any CPU
		{6374DAEE-E539-42CA-8576-FC4CD95A092B}.Release|Any CPU.Build.0 = Release|Any CPU
	EndGlobalSection
	GlobalSection(SolutionProperties) = preSolution
		HideSolutionNode = FALSE
	EndGlobalSection
	GlobalSection(ExtensibilityGlobals) = postSolution
		SolutionGuid = {EED28287-31F1-4960-95A4-06618662888D}
	EndGlobalSection
EndGlobal
