
Microsoft Visual Studio Solution File, Format Version 12.00
# Visual Studio Version 17
VisualStudioVersion = 17.0.32014.148
MinimumVisualStudioVersion = 10.0.40219.1
Project("{FAE04EC0-301F-11D3-BF4B-00C04F79EFBC}") = "Snake_and_Ladder_Problem", "Snake_and_Ladder_Problem.csproj", "{40EED079-3BD2-40C3-89EB-E36E26C477D2}"
EndProject
Project("{2150E333-8FDC-42A3-9474-1A3956D46DE8}") = "Solution Items", "Solution Items", "{92BEC7A2-CB82-4056-812B-6DFE1BBC555A}"
	ProjectSection(SolutionItems) = preProject
		.editorconfig = .editorconfig
	EndProjectSection
EndProject
Global
	GlobalSection(SolutionConfigurationPlatforms) = preSolution
		Debug|Any CPU = Debug|Any CPU
		Release|Any CPU = Release|Any CPU
	EndGlobalSection
	GlobalSection(ProjectConfigurationPlatforms) = postSolution
		{40EED079-3BD2-40C3-89EB-E36E26C477D2}.Debug|Any CPU.ActiveCfg = Debug|Any CPU
		{40EED079-3BD2-40C3-89EB-E36E26C477D2}.Debug|Any CPU.Build.0 = Debug|Any CPU
		{40EED079-3BD2-40C3-89EB-E36E26C477D2}.Release|Any CPU.ActiveCfg = Release|Any CPU
		{40EED079-3BD2-40C3-89EB-E36E26C477D2}.Release|Any CPU.Build.0 = Release|Any CPU
	EndGlobalSection
	GlobalSection(SolutionProperties) = preSolution
		HideSolutionNode = FALSE
	EndGlobalSection
	GlobalSection(ExtensibilityGlobals) = postSolution
		SolutionGuid = {5D06CACA-6EEB-44F0-98E0-73CF54F440DA}
	EndGlobalSection
EndGlobal
